
Microsoft Visual Studio Solution File, Format Version 12.00
# Visual Studio 15
VisualStudioVersion = 15.0.28010.2026
MinimumVisualStudioVersion = 10.0.40219.1
Project("{A07B5EB6-E848-4116-A8D0-A826331D98C6}") = "ECommerce", "ECommerce\ECommerce.sfproj", "{F6B463AD-6DC0-4F24-8248-394D8436DFE7}"
EndProject
Project("{FAE04EC0-301F-11D3-BF4B-00C04F79EFBC}") = "ECommerce.ProductCatalog", "ECommerce.ProductCatalog\ECommerce.ProductCatalog.csproj", "{57E3C43D-7888-4A0A-9920-4161AC553982}"
EndProject
Project("{FAE04EC0-301F-11D3-BF4B-00C04F79EFBC}") = "ECommerce.ProductCatalog.Model", "ECommerce.ProductCatalog.Model\ECommerce.ProductCatalog.Model.csproj", "{A370BEAE-AE4B-4E1A-BFA5-F9E84EA63F11}"
EndProject
Global
	GlobalSection(SolutionConfigurationPlatforms) = preSolution
		Debug|Any CPU = Debug|Any CPU
		Debug|x64 = Debug|x64
		Release|Any CPU = Release|Any CPU
		Release|x64 = Release|x64
	EndGlobalSection
	GlobalSection(ProjectConfigurationPlatforms) = postSolution
		{F6B463AD-6DC0-4F24-8248-394D8436DFE7}.Debug|Any CPU.ActiveCfg = Debug|x64
		{F6B463AD-6DC0-4F24-8248-394D8436DFE7}.Debug|x64.ActiveCfg = Debug|x64
		{F6B463AD-6DC0-4F24-8248-394D8436DFE7}.Debug|x64.Build.0 = Debug|x64
		{F6B463AD-6DC0-4F24-8248-394D8436DFE7}.Debug|x64.Deploy.0 = Debug|x64
		{F6B463AD-6DC0-4F24-8248-394D8436DFE7}.Release|Any CPU.ActiveCfg = Release|x64
		{F6B463AD-6DC0-4F24-8248-394D8436DFE7}.Release|x64.ActiveCfg = Release|x64
		{F6B463AD-6DC0-4F24-8248-394D8436DFE7}.Release|x64.Build.0 = Release|x64
		{F6B463AD-6DC0-4F24-8248-394D8436DFE7}.Release|x64.Deploy.0 = Release|x64
		{57E3C43D-7888-4A0A-9920-4161AC553982}.Debug|Any CPU.ActiveCfg = Debug|Any CPU
		{57E3C43D-7888-4A0A-9920-4161AC553982}.Debug|Any CPU.Build.0 = Debug|Any CPU
		{57E3C43D-7888-4A0A-9920-4161AC553982}.Debug|x64.ActiveCfg = Debug|Any CPU
		{57E3C43D-7888-4A0A-9920-4161AC553982}.Debug|x64.Build.0 = Debug|Any CPU
		{57E3C43D-7888-4A0A-9920-4161AC553982}.Release|Any CPU.ActiveCfg = Release|Any CPU
		{57E3C43D-7888-4A0A-9920-4161AC553982}.Release|Any CPU.Build.0 = Release|Any CPU
		{57E3C43D-7888-4A0A-9920-4161AC553982}.Release|x64.ActiveCfg = Release|Any CPU
		{57E3C43D-7888-4A0A-9920-4161AC553982}.Release|x64.Build.0 = Release|Any CPU
		{A370BEAE-AE4B-4E1A-BFA5-F9E84EA63F11}.Debug|Any CPU.ActiveCfg = Debug|Any CPU
		{A370BEAE-AE4B-4E1A-BFA5-F9E84EA63F11}.Debug|Any CPU.Build.0 = Debug|Any CPU
		{A370BEAE-AE4B-4E1A-BFA5-F9E84EA63F11}.Debug|x64.ActiveCfg = Debug|Any CPU
		{A370BEAE-AE4B-4E1A-BFA5-F9E84EA63F11}.Debug|x64.Build.0 = Debug|Any CPU
		{A370BEAE-AE4B-4E1A-BFA5-F9E84EA63F11}.Release|Any CPU.ActiveCfg = Release|Any CPU
		{A370BEAE-AE4B-4E1A-BFA5-F9E84EA63F11}.Release|Any CPU.Build.0 = Release|Any CPU
		{A370BEAE-AE4B-4E1A-BFA5-F9E84EA63F11}.Release|x64.ActiveCfg = Release|Any CPU
		{A370BEAE-AE4B-4E1A-BFA5-F9E84EA63F11}.Release|x64.Build.0 = Release|Any CPU
	EndGlobalSection
	GlobalSection(SolutionProperties) = preSolution
		HideSolutionNode = FALSE
	EndGlobalSection
	GlobalSection(ExtensibilityGlobals) = postSolution
		SolutionGuid = {7E88B7A2-E5EB-4374-8465-5538F3A0A870}
	EndGlobalSection
EndGlobal
